{
  "nodes": {
    "nixpkgs": {
      "locked": {
        "lastModified": 1723055945,
        "narHash": "sha256-UPrEduuIxdyHpEmEW7jFvghIQGIYac2uFvXE9ARggPE=",
        "owner": "NixOS",
        "repo": "nixpkgs",
        "rev": "541b7d80ebafca1e03fd7405a5c7738cb18da653",
        "type": "github"
      },
      "original": {
        "owner": "NixOS",
        "repo": "nixpkgs",
        "type": "github"
      }
    },
    "root": {
      "inputs": {
        "nixpkgs": "nixpkgs"
      }
    }
  },
  "root": "root",
  "version": 7
}
