{
  "nodes": {
    "nixpkgs": {
      "locked": {
        "lastModified": 1723049121,
        "narHash": "sha256-9qxV4dsvhQHeQetFsYIELCZgp4DRRdv/HOl2YD3mjQw=",
        "owner": "NixOS",
        "repo": "nixpkgs",
        "rev": "1914a451ca667b2caff7493661a3093a956628c8",
        "type": "github"
      },
      "original": {
        "owner": "NixOS",
        "repo": "nixpkgs",
        "type": "github"
      }
    },
    "root": {
      "inputs": {
        "nixpkgs": "nixpkgs"
      }
    }
  },
  "root": "root",
  "version": 7
}
